<?xml version="1.0" encoding="utf-8"?>
<Project ToolsVersion="4.0" xmlns="http://schemas.microsoft.com/developer/msbuild/2003">
  <ItemGroup>
    <ClCompile Include="src\game.cpp" />
    <ClCompile Include="src\main.cpp" />
    <ClCompile Include="src\puzzle.cpp" />
    <ClCompile Include="src\puzzle_builder.cpp" />
  </ItemGroup>
  <ItemGroup>
    <ClInclude Include="src\headers\game_time.h" />
    <ClInclude Include="src\headers\interfaces\ibuilder.h" />
    <ClInclude Include="src\headers\interfaces\idrawable.h" />
    <ClInclude Include="src\headers\interfaces\ielement.h" />
    <ClInclude Include="src\headers\buffer.h" />
    <ClInclude Include="src\headers\game.h" />
    <ClInclude Include="src\headers\input.h" />
    <ClInclude Include="src\headers\pair.h" />
    <ClInclude Include="src\headers\puzzle.h" />
    <ClInclude Include="src\headers\puzzle_builder.h" />
  </ItemGroup>
</Project>